
Microsoft Visual Studio Solution File, Format Version 12.00
# Visual Studio Version 17
VisualStudioVersion = 17.8.34330.188
MinimumVisualStudioVersion = 10.0.40219.1
Project("{FAE04EC0-301F-11D3-BF4B-00C04F79EFBC}") = "CourseWorkCs", "CourseWorkCs.csproj", "{2608C12F-C7DD-40BB-8501-22D38DDE615F}"
EndProject
Global
	GlobalSection(SolutionConfigurationPlatforms) = preSolution
		Debug|Any CPU = Debug|Any CPU
		Release|Any CPU = Release|Any CPU
	EndGlobalSection
	GlobalSection(ProjectConfigurationPlatforms) = postSolution
		{2608C12F-C7DD-40BB-8501-22D38DDE615F}.Debug|Any CPU.ActiveCfg = Debug|Any CPU
		{2608C12F-C7DD-40BB-8501-22D38DDE615F}.Debug|Any CPU.Build.0 = Debug|Any CPU
		{2608C12F-C7DD-40BB-8501-22D38DDE615F}.Release|Any CPU.ActiveCfg = Release|Any CPU
		{2608C12F-C7DD-40BB-8501-22D38DDE615F}.Release|Any CPU.Build.0 = Release|Any CPU
	EndGlobalSection
	GlobalSection(SolutionProperties) = preSolution
		HideSolutionNode = FALSE
	EndGlobalSection
	GlobalSection(ExtensibilityGlobals) = postSolution
		SolutionGuid = {2C30BC81-F9B5-4376-A260-77E98D074CC1}
	EndGlobalSection
EndGlobal
